
Microsoft Visual Studio Solution File, Format Version 12.00
# Visual Studio Version 16
VisualStudioVersion = 16.0.29411.108
MinimumVisualStudioVersion = 10.0.40219.1
Project("{9A19103F-16F7-4668-BE54-9A1E7A4F7556}") = "APS", "APS\APS.csproj", "{1D049C87-46BB-4765-8115-92C40DC9A1C6}"
EndProject
Project("{9A19103F-16F7-4668-BE54-9A1E7A4F7556}") = "APS.Lib", "APS.Lib\APS.Lib.csproj", "{200BFF4B-E7B9-47A9-BF8F-FD6A3DAC1246}"
EndProject
Project("{9A19103F-16F7-4668-BE54-9A1E7A4F7556}") = "APS.Crawler", "APS.Crawler\APS.Crawler.csproj", "{BE360A78-4220-4047-9461-316C6011F982}"
EndProject
Project("{9A19103F-16F7-4668-BE54-9A1E7A4F7556}") = "APS.UI", "APS.UI\APS.UI.csproj", "{D39064C9-A9D1-45C9-A171-B319DF23E915}"
EndProject
Project("{FAE04EC0-301F-11D3-BF4B-00C04F79EFBC}") = "APS.VocabularyHelper", "APS.VocabularyHelper\APS.VocabularyHelper.csproj", "{05573E73-62C2-4E84-9724-84AD4A391EDE}"
EndProject
Global
	GlobalSection(SolutionConfigurationPlatforms) = preSolution
		Debug|Any CPU = Debug|Any CPU
		Release|Any CPU = Release|Any CPU
	EndGlobalSection
	GlobalSection(ProjectConfigurationPlatforms) = postSolution
		{1D049C87-46BB-4765-8115-92C40DC9A1C6}.Debug|Any CPU.ActiveCfg = Debug|Any CPU
		{1D049C87-46BB-4765-8115-92C40DC9A1C6}.Debug|Any CPU.Build.0 = Debug|Any CPU
		{1D049C87-46BB-4765-8115-92C40DC9A1C6}.Release|Any CPU.ActiveCfg = Release|Any CPU
		{1D049C87-46BB-4765-8115-92C40DC9A1C6}.Release|Any CPU.Build.0 = Release|Any CPU
		{200BFF4B-E7B9-47A9-BF8F-FD6A3DAC1246}.Debug|Any CPU.ActiveCfg = Debug|Any CPU
		{200BFF4B-E7B9-47A9-BF8F-FD6A3DAC1246}.Debug|Any CPU.Build.0 = Debug|Any CPU
		{200BFF4B-E7B9-47A9-BF8F-FD6A3DAC1246}.Release|Any CPU.ActiveCfg = Release|Any CPU
		{200BFF4B-E7B9-47A9-BF8F-FD6A3DAC1246}.Release|Any CPU.Build.0 = Release|Any CPU
		{BE360A78-4220-4047-9461-316C6011F982}.Debug|Any CPU.ActiveCfg = Debug|Any CPU
		{BE360A78-4220-4047-9461-316C6011F982}.Debug|Any CPU.Build.0 = Debug|Any CPU
		{BE360A78-4220-4047-9461-316C6011F982}.Release|Any CPU.ActiveCfg = Release|Any CPU
		{BE360A78-4220-4047-9461-316C6011F982}.Release|Any CPU.Build.0 = Release|Any CPU
		{D39064C9-A9D1-45C9-A171-B319DF23E915}.Debug|Any CPU.ActiveCfg = Debug|Any CPU
		{D39064C9-A9D1-45C9-A171-B319DF23E915}.Debug|Any CPU.Build.0 = Debug|Any CPU
		{D39064C9-A9D1-45C9-A171-B319DF23E915}.Release|Any CPU.ActiveCfg = Release|Any CPU
		{D39064C9-A9D1-45C9-A171-B319DF23E915}.Release|Any CPU.Build.0 = Release|Any CPU
		{05573E73-62C2-4E84-9724-84AD4A391EDE}.Debug|Any CPU.ActiveCfg = Debug|Any CPU
		{05573E73-62C2-4E84-9724-84AD4A391EDE}.Debug|Any CPU.Build.0 = Debug|Any CPU
		{05573E73-62C2-4E84-9724-84AD4A391EDE}.Release|Any CPU.ActiveCfg = Release|Any CPU
		{05573E73-62C2-4E84-9724-84AD4A391EDE}.Release|Any CPU.Build.0 = Release|Any CPU
	EndGlobalSection
	GlobalSection(SolutionProperties) = preSolution
		HideSolutionNode = FALSE
	EndGlobalSection
	GlobalSection(ExtensibilityGlobals) = postSolution
		SolutionGuid = {AC55FBC2-F75F-48A8-AA5E-464470848E1D}
	EndGlobalSection
EndGlobal
